<?xml version="1.0" encoding="UTF-8" standalone="yes" ?>
<CodeBlocks_project_file>
	<FileVersion major="1" minor="6" />
	<Project>
		<Option title="fluid_simulation" />
		<Option pch_mode="2" />
		<Option compiler="gcc" />
		<Build>
			<Target title="gcc_target">
				<Option output="bin/fs" prefix_auto="1" extension_auto="1" />
				<Option object_output="obj/Debug/" />
				<Option type="1" />
				<Option compiler="gcc_custom" />
				<Compiler>
					<Add option="-g" />
					<Add option="-std=c++23" />
					<Add directory="inline" />
					<Add directory="src" />
					<Add directory="include" />
				</Compiler>
				<Linker>
					<Add option="-lopengl32" />
					<Add option="-lglfw3" />
					<Add option="-lgdi32" />
					<Add option="-lgtest" />
					<Add option="-lgtest_main" />
					<Add option="-ltbb12" />
					<Add directory="C:/glfw-3.4.bin.WIN64/glfw-3.4.bin.WIN64/lib-mingw-w64" />
					<Add directory="E:/googletest-main/build/lib" />
				</Linker>
			</Target>
			<Target title="Release">
				<Option output="bin/Release/fluid_simulation" prefix_auto="1" extension_auto="1" />
				<Option object_output="obj/Release/" />
				<Option type="1" />
				<Option compiler="gcc" />
				<Compiler>
					<Add option="-O2" />
				</Compiler>
				<Linker>
					<Add option="-s" />
				</Linker>
			</Target>
			<Target title="dpcpp_target">
				<Option output="bin/dpcpp_target" prefix_auto="1" extension_auto="1" />
				<Option working_dir="" />
				<Option type="2" />
				<Option compiler="dpcpp_compiler" />
				<Option createDefFile="1" />
			</Target>
			<Target title="final_executable">
				<Option output="bin/fs_final" prefix_auto="1" extension_auto="1" />
				<Option type="0" />
				<Option compiler="gcc" />
			</Target>
		</Build>
		<Compiler>
			<Add option="-Wall" />
		</Compiler>
		<Unit filename="fluid_simulation.cbp">
			<Option target="gcc_target" />
			<Option target="Release" />
		</Unit>
		<Unit filename="include/collision_step.hpp">
			<Option target="gcc_target" />
		</Unit>
		<Unit filename="include/collision_step_dpcpp.hpp">
			<Option target="dpcpp_target" />
		</Unit>
		<Unit filename="include/collision_step_serial.hpp">
			<Option target="gcc_target" />
		</Unit>
		<Unit filename="include/collision_step_tbb_thread_pool.hpp">
			<Option target="gcc_target" />
		</Unit>
		<Unit filename="include/colors.hpp">
			<Option target="gcc_target" />
		</Unit>
		<Unit filename="include/fs.hpp">
			<Option target="gcc_target" />
		</Unit>
		<Unit filename="include/global_aliases.hpp">
			<Option target="gcc_target" />
			<Option target="dpcpp_target" />
		</Unit>
		<Unit filename="include/grid.hpp">
			<Option target="gcc_target" />
			<Option target="dpcpp_target" />
		</Unit>
		<Unit filename="include/grid_renderer.hpp">
			<Option target="gcc_target" />
		</Unit>
		<Unit filename="include/handle_boundaries.hpp">
			<Option target="gcc_target" />
		</Unit>
		<Unit filename="include/initialize_grid.hpp">
			<Option target="gcc_target" />
		</Unit>
		<Unit filename="include/lbm.hpp">
			<Option target="gcc_target" />
		</Unit>
		<Unit filename="include/lbm_global_data.hpp">
			<Option target="gcc_target" />
		</Unit>
		<Unit filename="include/lga.hpp">
			<Option target="gcc_target" />
		</Unit>
		<Unit filename="include/pair_hash.hpp">
			<Option target="gcc_target" />
		</Unit>
		<Unit filename="include/propagate.hpp">
			<Option target="gcc_target" />
		</Unit>
		<Unit filename="include/random_seed.hpp">
			<Option target="gcc_target" />
		</Unit>
		<Unit filename="include/rendering.hpp">
			<Option target="gcc_target" />
		</Unit>
		<Unit filename="include/set_inlet.hpp">
			<Option target="gcc_target" />
		</Unit>
		<Unit filename="include/settings.hpp">
			<Option target="gcc_target" />
			<Option target="dpcpp_target" />
		</Unit>
		<Unit filename="include/shader.hpp">
			<Option target="gcc_target" />
		</Unit>
		<Unit filename="include/streaming_step.hpp">
			<Option target="gcc_target" />
		</Unit>
		<Unit filename="include/velocity.hpp">
			<Option target="gcc_target" />
		</Unit>
		<Unit filename="inline/grid_renderer.inl">
			<Option target="gcc_target" />
			<Option target="Release" />
		</Unit>
		<Unit filename="src/collision_step_dpcpp_instantiation.cpp">
			<Option target="dpcpp_target" />
		</Unit>
		<Unit filename="src/fs.cpp">
			<Option target="gcc_target" />
		</Unit>
		<Unit filename="src/glad.c">
			<Option compilerVar="CC" />
			<Option target="gcc_target" />
		</Unit>
		<Unit filename="src/grid_renderer.cpp">
			<Option target="gcc_target" />
			<Option target="Release" />
		</Unit>
		<Unit filename="src/lbm_global_data.cpp">
			<Option target="gcc_target" />
		</Unit>
		<Unit filename="src/lga.cpp">
			<Option target="gcc_target" />
		</Unit>
		<Unit filename="src/main.cpp">
			<Option target="gcc_target" />
		</Unit>
		<Unit filename="src/shader.cpp">
			<Option target="gcc_target" />
		</Unit>
		<Extensions>
			<lib_finder disable_auto="1" />
		</Extensions>
	</Project>
</CodeBlocks_project_file>
